// !$*UTF8*$!
{
	archiveVersion = 1;
	classes = {
	};
	objectVersion = 55;
	objects = {

/* Begin PBXBuildFile section */
		7CC929C62736ED9000F8AB56 /* IOSBookListApp.swift in Sources */ = {isa = PBXBuildFile; fileRef = 7CC929C52736ED9000F8AB56 /* IOSBookListApp.swift */; };
		7CC929C82736ED9000F8AB56 /* LibraryView.swift in Sources */ = {isa = PBXBuildFile; fileRef = 7CC929C72736ED9000F8AB56 /* LibraryView.swift */; };
		7CC929CA2736ED9200F8AB56 /* Assets.xcassets in Resources */ = {isa = PBXBuildFile; fileRef = 7CC929C92736ED9200F8AB56 /* Assets.xcassets */; };
		7CC929CD2736ED9200F8AB56 /* Preview Assets.xcassets in Resources */ = {isa = PBXBuildFile; fileRef = 7CC929CC2736ED9200F8AB56 /* Preview Assets.xcassets */; };
		7CC929D72736ED9200F8AB56 /* IOSBookListTests.swift in Sources */ = {isa = PBXBuildFile; fileRef = 7CC929D62736ED9200F8AB56 /* IOSBookListTests.swift */; };
		7CC929E12736ED9200F8AB56 /* IOSBookListUITests.swift in Sources */ = {isa = PBXBuildFile; fileRef = 7CC929E02736ED9200F8AB56 /* IOSBookListUITests.swift */; };
		7CC929E32736ED9200F8AB56 /* IOSBookListUITestsLaunchTests.swift in Sources */ = {isa = PBXBuildFile; fileRef = 7CC929E22736ED9200F8AB56 /* IOSBookListUITestsLaunchTests.swift */; };
		7CC929F32736EDCE00F8AB56 /* BookDetailView.swift in Sources */ = {isa = PBXBuildFile; fileRef = 7CC929F22736EDCE00F8AB56 /* BookDetailView.swift */; };
		7CC929F62736EE0500F8AB56 /* BookCard.swift in Sources */ = {isa = PBXBuildFile; fileRef = 7CC929F52736EE0500F8AB56 /* BookCard.swift */; };
		7CC929F82736EE1C00F8AB56 /* Book.swift in Sources */ = {isa = PBXBuildFile; fileRef = 7CC929F72736EE1C00F8AB56 /* Book.swift */; };
		7CC929FB2736EE7300F8AB56 /* BookData.json in Resources */ = {isa = PBXBuildFile; fileRef = 7CC929FA2736EE7300F8AB56 /* BookData.json */; };
		7CC929FD2736F2DC00F8AB56 /* BookViewModel.swift in Sources */ = {isa = PBXBuildFile; fileRef = 7CC929FC2736F2DC00F8AB56 /* BookViewModel.swift */; };
		7CC929FF2736F30400F8AB56 /* DataService.swift in Sources */ = {isa = PBXBuildFile; fileRef = 7CC929FE2736F30400F8AB56 /* DataService.swift */; };
/* End PBXBuildFile section */

/* Begin PBXContainerItemProxy section */
		7CC929D32736ED9200F8AB56 /* PBXContainerItemProxy */ = {
			isa = PBXContainerItemProxy;
			containerPortal = 7CC929BA2736ED9000F8AB56 /* Project object */;
			proxyType = 1;
			remoteGlobalIDString = 7CC929C12736ED9000F8AB56;
			remoteInfo = IOSBookList;
		};
		7CC929DD2736ED9200F8AB56 /* PBXContainerItemProxy */ = {
			isa = PBXContainerItemProxy;
			containerPortal = 7CC929BA2736ED9000F8AB56 /* Project object */;
			proxyType = 1;
			remoteGlobalIDString = 7CC929C12736ED9000F8AB56;
			remoteInfo = IOSBookList;
		};
/* End PBXContainerItemProxy section */

/* Begin PBXFileReference section */
		7CC929C22736ED9000F8AB56 /* IOSBookList.app */ = {isa = PBXFileReference; explicitFileType = wrapper.application; includeInIndex = 0; path = IOSBookList.app; sourceTree = BUILT_PRODUCTS_DIR; };
		7CC929C52736ED9000F8AB56 /* IOSBookListApp.swift */ = {isa = PBXFileReference; lastKnownFileType = sourcecode.swift; path = IOSBookListApp.swift; sourceTree = "<group>"; };
		7CC929C72736ED9000F8AB56 /* LibraryView.swift */ = {isa = PBXFileReference; lastKnownFileType = sourcecode.swift; path = LibraryView.swift; sourceTree = "<group>"; };
		7CC929C92736ED9200F8AB56 /* Assets.xcassets */ = {isa = PBXFileReference; lastKnownFileType = folder.assetcatalog; path = Assets.xcassets; sourceTree = "<group>"; };
		7CC929CC2736ED9200F8AB56 /* Preview Assets.xcassets */ = {isa = PBXFileReference; lastKnownFileType = folder.assetcatalog; path = "Preview Assets.xcassets"; sourceTree = "<group>"; };
		7CC929D22736ED9200F8AB56 /* IOSBookListTests.xctest */ = {isa = PBXFileReference; explicitFileType = wrapper.cfbundle; includeInIndex = 0; path = IOSBookListTests.xctest; sourceTree = BUILT_PRODUCTS_DIR; };
		7CC929D62736ED9200F8AB56 /* IOSBookListTests.swift */ = {isa = PBXFileReference; lastKnownFileType = sourcecode.swift; path = IOSBookListTests.swift; sourceTree = "<group>"; };
		7CC929DC2736ED9200F8AB56 /* IOSBookListUITests.xctest */ = {isa = PBXFileReference; explicitFileType = wrapper.cfbundle; includeInIndex = 0; path = IOSBookListUITests.xctest; sourceTree = BUILT_PRODUCTS_DIR; };
		7CC929E02736ED9200F8AB56 /* IOSBookListUITests.swift */ = {isa = PBXFileReference; lastKnownFileType = sourcecode.swift; path = IOSBookListUITests.swift; sourceTree = "<group>"; };
		7CC929E22736ED9200F8AB56 /* IOSBookListUITestsLaunchTests.swift */ = {isa = PBXFileReference; lastKnownFileType = sourcecode.swift; path = IOSBookListUITestsLaunchTests.swift; sourceTree = "<group>"; };
		7CC929F22736EDCE00F8AB56 /* BookDetailView.swift */ = {isa = PBXFileReference; lastKnownFileType = sourcecode.swift; path = BookDetailView.swift; sourceTree = "<group>"; };
		7CC929F52736EE0500F8AB56 /* BookCard.swift */ = {isa = PBXFileReference; lastKnownFileType = sourcecode.swift; path = BookCard.swift; sourceTree = "<group>"; };
		7CC929F72736EE1C00F8AB56 /* Book.swift */ = {isa = PBXFileReference; lastKnownFileType = sourcecode.swift; path = Book.swift; sourceTree = "<group>"; };
		7CC929FA2736EE7300F8AB56 /* BookData.json */ = {isa = PBXFileReference; fileEncoding = 4; lastKnownFileType = text.json; name = BookData.json; path = "../../../../../Desktop/code_with_chris/ios_foundations/iOS Foundations 2021/Module 4/Lesson 15/Data and Assets/BookData.json"; sourceTree = "<group>"; };
		7CC929FC2736F2DC00F8AB56 /* BookViewModel.swift */ = {isa = PBXFileReference; lastKnownFileType = sourcecode.swift; path = BookViewModel.swift; sourceTree = "<group>"; };
		7CC929FE2736F30400F8AB56 /* DataService.swift */ = {isa = PBXFileReference; lastKnownFileType = sourcecode.swift; path = DataService.swift; sourceTree = "<group>"; };
/* End PBXFileReference section */

/* Begin PBXFrameworksBuildPhase section */
		7CC929BF2736ED9000F8AB56 /* Frameworks */ = {
			isa = PBXFrameworksBuildPhase;
			buildActionMask = 2147483647;
			files = (
			);
			runOnlyForDeploymentPostprocessing = 0;
		};
		7CC929CF2736ED9200F8AB56 /* Frameworks */ = {
			isa = PBXFrameworksBuildPhase;
			buildActionMask = 2147483647;
			files = (
			);
			runOnlyForDeploymentPostprocessing = 0;
		};
		7CC929D92736ED9200F8AB56 /* Frameworks */ = {
			isa = PBXFrameworksBuildPhase;
			buildActionMask = 2147483647;
			files = (
			);
			runOnlyForDeploymentPostprocessing = 0;
		};
/* End PBXFrameworksBuildPhase section */

/* Begin PBXGroup section */
		7CC929B92736ED9000F8AB56 = {
			isa = PBXGroup;
			children = (
				7CC929C42736ED9000F8AB56 /* IOSBookList */,
				7CC929D52736ED9200F8AB56 /* IOSBookListTests */,
				7CC929DF2736ED9200F8AB56 /* IOSBookListUITests */,
				7CC929C32736ED9000F8AB56 /* Products */,
			);
			sourceTree = "<group>";
		};
		7CC929C32736ED9000F8AB56 /* Products */ = {
			isa = PBXGroup;
			children = (
				7CC929C22736ED9000F8AB56 /* IOSBookList.app */,
				7CC929D22736ED9200F8AB56 /* IOSBookListTests.xctest */,
				7CC929DC2736ED9200F8AB56 /* IOSBookListUITests.xctest */,
			);
			name = Products;
			sourceTree = "<group>";
		};
		7CC929C42736ED9000F8AB56 /* IOSBookList */ = {
			isa = PBXGroup;
			children = (
				7CC929C52736ED9000F8AB56 /* IOSBookListApp.swift */,
				7CC929F92736EE6600F8AB56 /* Data */,
				7CC929F12736EDA600F8AB56 /* Model */,
				7CC929F02736EDA100F8AB56 /* ViewModel */,
				7CC929EF2736ED9C00F8AB56 /* View */,
				7CC92A002736F38200F8AB56 /* Service */,
				7CC929C92736ED9200F8AB56 /* Assets.xcassets */,
				7CC929CB2736ED9200F8AB56 /* Preview Content */,
			);
			path = IOSBookList;
			sourceTree = "<group>";
		};
		7CC929CB2736ED9200F8AB56 /* Preview Content */ = {
			isa = PBXGroup;
			children = (
				7CC929CC2736ED9200F8AB56 /* Preview Assets.xcassets */,
			);
			path = "Preview Content";
			sourceTree = "<group>";
		};
		7CC929D52736ED9200F8AB56 /* IOSBookListTests */ = {
			isa = PBXGroup;
			children = (
				7CC929D62736ED9200F8AB56 /* IOSBookListTests.swift */,
			);
			path = IOSBookListTests;
			sourceTree = "<group>";
		};
		7CC929DF2736ED9200F8AB56 /* IOSBookListUITests */ = {
			isa = PBXGroup;
			children = (
				7CC929E02736ED9200F8AB56 /* IOSBookListUITests.swift */,
				7CC929E22736ED9200F8AB56 /* IOSBookListUITestsLaunchTests.swift */,
			);
			path = IOSBookListUITests;
			sourceTree = "<group>";
		};
		7CC929EF2736ED9C00F8AB56 /* View */ = {
			isa = PBXGroup;
			children = (
				7CC929C72736ED9000F8AB56 /* LibraryView.swift */,
				7CC929F22736EDCE00F8AB56 /* BookDetailView.swift */,
				7CC929F52736EE0500F8AB56 /* BookCard.swift */,
			);
			path = View;
			sourceTree = "<group>";
		};
		7CC929F02736EDA100F8AB56 /* ViewModel */ = {
			isa = PBXGroup;
			children = (
				7CC929FC2736F2DC00F8AB56 /* BookViewModel.swift */,
			);
			path = ViewModel;
			sourceTree = "<group>";
		};
		7CC929F12736EDA600F8AB56 /* Model */ = {
			isa = PBXGroup;
			children = (
				7CC929F72736EE1C00F8AB56 /* Book.swift */,
			);
			path = Model;
			sourceTree = "<group>";
		};
		7CC929F92736EE6600F8AB56 /* Data */ = {
			isa = PBXGroup;
			children = (
				7CC929FA2736EE7300F8AB56 /* BookData.json */,
			);
			path = Data;
			sourceTree = "<group>";
		};
		7CC92A002736F38200F8AB56 /* Service */ = {
			isa = PBXGroup;
			children = (
				7CC929FE2736F30400F8AB56 /* DataService.swift */,
			);
			path = Service;
			sourceTree = "<group>";
		};
/* End PBXGroup section */

/* Begin PBXNativeTarget section */
		7CC929C12736ED9000F8AB56 /* IOSBookList */ = {
			isa = PBXNativeTarget;
			buildConfigurationList = 7CC929E62736ED9200F8AB56 /* Build configuration list for PBXNativeTarget "IOSBookList" */;
			buildPhases = (
				7CC929BE2736ED9000F8AB56 /* Sources */,
				7CC929BF2736ED9000F8AB56 /* Frameworks */,
				7CC929C02736ED9000F8AB56 /* Resources */,
			);
			buildRules = (
			);
			dependencies = (
			);
			name = IOSBookList;
			productName = IOSBookList;
			productReference = 7CC929C22736ED9000F8AB56 /* IOSBookList.app */;
			productType = "com.apple.product-type.application";
		};
		7CC929D12736ED9200F8AB56 /* IOSBookListTests */ = {
			isa = PBXNativeTarget;
			buildConfigurationList = 7CC929E92736ED9200F8AB56 /* Build configuration list for PBXNativeTarget "IOSBookListTests" */;
			buildPhases = (
				7CC929CE2736ED9200F8AB56 /* Sources */,
				7CC929CF2736ED9200F8AB56 /* Frameworks */,
				7CC929D02736ED9200F8AB56 /* Resources */,
			);
			buildRules = (
			);
			dependencies = (
				7CC929D42736ED9200F8AB56 /* PBXTargetDependency */,
			);
			name = IOSBookListTests;
			productName = IOSBookListTests;
			productReference = 7CC929D22736ED9200F8AB56 /* IOSBookListTests.xctest */;
			productType = "com.apple.product-type.bundle.unit-test";
		};
		7CC929DB2736ED9200F8AB56 /* IOSBookListUITests */ = {
			isa = PBXNativeTarget;
			buildConfigurationList = 7CC929EC2736ED9200F8AB56 /* Build configuration list for PBXNativeTarget "IOSBookListUITests" */;
			buildPhases = (
				7CC929D82736ED9200F8AB56 /* Sources */,
				7CC929D92736ED9200F8AB56 /* Frameworks */,
				7CC929DA2736ED9200F8AB56 /* Resources */,
			);
			buildRules = (
			);
			dependencies = (
				7CC929DE2736ED9200F8AB56 /* PBXTargetDependency */,
			);
			name = IOSBookListUITests;
			productName = IOSBookListUITests;
			productReference = 7CC929DC2736ED9200F8AB56 /* IOSBookListUITests.xctest */;
			productType = "com.apple.product-type.bundle.ui-testing";
		};
/* End PBXNativeTarget section */

/* Begin PBXProject section */
		7CC929BA2736ED9000F8AB56 /* Project object */ = {
			isa = PBXProject;
			attributes = {
				BuildIndependentTargetsInParallel = 1;
				LastSwiftUpdateCheck = 1310;
				LastUpgradeCheck = 1310;
				TargetAttributes = {
					7CC929C12736ED9000F8AB56 = {
						CreatedOnToolsVersion = 13.1;
					};
					7CC929D12736ED9200F8AB56 = {
						CreatedOnToolsVersion = 13.1;
						TestTargetID = 7CC929C12736ED9000F8AB56;
					};
					7CC929DB2736ED9200F8AB56 = {
						CreatedOnToolsVersion = 13.1;
						TestTargetID = 7CC929C12736ED9000F8AB56;
					};
				};
			};
			buildConfigurationList = 7CC929BD2736ED9000F8AB56 /* Build configuration list for PBXProject "IOSBookList" */;
			compatibilityVersion = "Xcode 13.0";
			developmentRegion = en;
			hasScannedForEncodings = 0;
			knownRegions = (
				en,
				Base,
			);
			mainGroup = 7CC929B92736ED9000F8AB56;
			productRefGroup = 7CC929C32736ED9000F8AB56 /* Products */;
			projectDirPath = "";
			projectRoot = "";
			targets = (
				7CC929C12736ED9000F8AB56 /* IOSBookList */,
				7CC929D12736ED9200F8AB56 /* IOSBookListTests */,
				7CC929DB2736ED9200F8AB56 /* IOSBookListUITests */,
			);
		};
/* End PBXProject section */

/* Begin PBXResourcesBuildPhase section */
		7CC929C02736ED9000F8AB56 /* Resources */ = {
			isa = PBXResourcesBuildPhase;
			buildActionMask = 2147483647;
			files = (
				7CC929CD2736ED9200F8AB56 /* Preview Assets.xcassets in Resources */,
				7CC929FB2736EE7300F8AB56 /* BookData.json in Resources */,
				7CC929CA2736ED9200F8AB56 /* Assets.xcassets in Resources */,
			);
			runOnlyForDeploymentPostprocessing = 0;
		};
		7CC929D02736ED9200F8AB56 /* Resources */ = {
			isa = PBXResourcesBuildPhase;
			buildActionMask = 2147483647;
			files = (
			);
			runOnlyForDeploymentPostprocessing = 0;
		};
		7CC929DA2736ED9200F8AB56 /* Resources */ = {
			isa = PBXResourcesBuildPhase;
			buildActionMask = 2147483647;
			files = (
			);
			runOnlyForDeploymentPostprocessing = 0;
		};
/* End PBXResourcesBuildPhase section */

/* Begin PBXSourcesBuildPhase section */
		7CC929BE2736ED9000F8AB56 /* Sources */ = {
			isa = PBXSourcesBuildPhase;
			buildActionMask = 2147483647;
			files = (
				7CC929C82736ED9000F8AB56 /* LibraryView.swift in Sources */,
				7CC929F32736EDCE00F8AB56 /* BookDetailView.swift in Sources */,
				7CC929FF2736F30400F8AB56 /* DataService.swift in Sources */,
				7CC929F62736EE0500F8AB56 /* BookCard.swift in Sources */,
				7CC929F82736EE1C00F8AB56 /* Book.swift in Sources */,
				7CC929C62736ED9000F8AB56 /* IOSBookListApp.swift in Sources */,
				7CC929FD2736F2DC00F8AB56 /* BookViewModel.swift in Sources */,
			);
			runOnlyForDeploymentPostprocessing = 0;
		};
		7CC929CE2736ED9200F8AB56 /* Sources */ = {
			isa = PBXSourcesBuildPhase;
			buildActionMask = 2147483647;
			files = (
				7CC929D72736ED9200F8AB56 /* IOSBookListTests.swift in Sources */,
			);
			runOnlyForDeploymentPostprocessing = 0;
		};
		7CC929D82736ED9200F8AB56 /* Sources */ = {
			isa = PBXSourcesBuildPhase;
			buildActionMask = 2147483647;
			files = (
				7CC929E12736ED9200F8AB56 /* IOSBookListUITests.swift in Sources */,
				7CC929E32736ED9200F8AB56 /* IOSBookListUITestsLaunchTests.swift in Sources */,
			);
			runOnlyForDeploymentPostprocessing = 0;
		};
/* End PBXSourcesBuildPhase section */

/* Begin PBXTargetDependency section */
		7CC929D42736ED9200F8AB56 /* PBXTargetDependency */ = {
			isa = PBXTargetDependency;
			target = 7CC929C12736ED9000F8AB56 /* IOSBookList */;
			targetProxy = 7CC929D32736ED9200F8AB56 /* PBXContainerItemProxy */;
		};
		7CC929DE2736ED9200F8AB56 /* PBXTargetDependency */ = {
			isa = PBXTargetDependency;
			target = 7CC929C12736ED9000F8AB56 /* IOSBookList */;
			targetProxy = 7CC929DD2736ED9200F8AB56 /* PBXContainerItemProxy */;
		};
/* End PBXTargetDependency section */

/* Begin XCBuildConfiguration section */
		7CC929E42736ED9200F8AB56 /* Debug */ = {
			isa = XCBuildConfiguration;
			buildSettings = {
				ALWAYS_SEARCH_USER_PATHS = NO;
				CLANG_ANALYZER_NONNULL = YES;
				CLANG_ANALYZER_NUMBER_OBJECT_CONVERSION = YES_AGGRESSIVE;
				CLANG_CXX_LANGUAGE_STANDARD = "gnu++17";
				CLANG_CXX_LIBRARY = "libc++";
				CLANG_ENABLE_MODULES = YES;
				CLANG_ENABLE_OBJC_ARC = YES;
				CLANG_ENABLE_OBJC_WEAK = YES;
				CLANG_WARN_BLOCK_CAPTURE_AUTORELEASING = YES;
				CLANG_WARN_BOOL_CONVERSION = YES;
				CLANG_WARN_COMMA = YES;
				CLANG_WARN_CONSTANT_CONVERSION = YES;
				CLANG_WARN_DEPRECATED_OBJC_IMPLEMENTATIONS = YES;
				CLANG_WARN_DIRECT_OBJC_ISA_USAGE = YES_ERROR;
				CLANG_WARN_DOCUMENTATION_COMMENTS = YES;
				CLANG_WARN_EMPTY_BODY = YES;
				CLANG_WARN_ENUM_CONVERSION = YES;
				CLANG_WARN_INFINITE_RECURSION = YES;
				CLANG_WARN_INT_CONVERSION = YES;
				CLANG_WARN_NON_LITERAL_NULL_CONVERSION = YES;
				CLANG_WARN_OBJC_IMPLICIT_RETAIN_SELF = YES;
				CLANG_WARN_OBJC_LITERAL_CONVERSION = YES;
				CLANG_WARN_OBJC_ROOT_CLASS = YES_ERROR;
				CLANG_WARN_QUOTED_INCLUDE_IN_FRAMEWORK_HEADER = YES;
				CLANG_WARN_RANGE_LOOP_ANALYSIS = YES;
				CLANG_WARN_STRICT_PROTOTYPES = YES;
				CLANG_WARN_SUSPICIOUS_MOVE = YES;
				CLANG_WARN_UNGUARDED_AVAILABILITY = YES_AGGRESSIVE;
				CLANG_WARN_UNREACHABLE_CODE = YES;
				CLANG_WARN__DUPLICATE_METHOD_MATCH = YES;
				COPY_PHASE_STRIP = NO;
				DEBUG_INFORMATION_FORMAT = dwarf;
				ENABLE_STRICT_OBJC_MSGSEND = YES;
				ENABLE_TESTABILITY = YES;
				GCC_C_LANGUAGE_STANDARD = gnu11;
				GCC_DYNAMIC_NO_PIC = NO;
				GCC_NO_COMMON_BLOCKS = YES;
				GCC_OPTIMIZATION_LEVEL = 0;
				GCC_PREPROCESSOR_DEFINITIONS = (
					"DEBUG=1",
					"$(inherited)",
				);
				GCC_WARN_64_TO_32_BIT_CONVERSION = YES;
				GCC_WARN_ABOUT_RETURN_TYPE = YES_ERROR;
				GCC_WARN_UNDECLARED_SELECTOR = YES;
				GCC_WARN_UNINITIALIZED_AUTOS = YES_AGGRESSIVE;
				GCC_WARN_UNUSED_FUNCTION = YES;
				GCC_WARN_UNUSED_VARIABLE = YES;
				IPHONEOS_DEPLOYMENT_TARGET = 15.0;
				MTL_ENABLE_DEBUG_INFO = INCLUDE_SOURCE;
				MTL_FAST_MATH = YES;
				ONLY_ACTIVE_ARCH = YES;
				SDKROOT = iphoneos;
				SWIFT_ACTIVE_COMPILATION_CONDITIONS = DEBUG;
				SWIFT_OPTIMIZATION_LEVEL = "-Onone";
			};
			name = Debug;
		};
		7CC929E52736ED9200F8AB56 /* Release */ = {
			isa = XCBuildConfiguration;
			buildSettings = {
				ALWAYS_SEARCH_USER_PATHS = NO;
				CLANG_ANALYZER_NONNULL = YES;
				CLANG_ANALYZER_NUMBER_OBJECT_CONVERSION = YES_AGGRESSIVE;
				CLANG_CXX_LANGUAGE_STANDARD = "gnu++17";
				CLANG_CXX_LIBRARY = "libc++";
				CLANG_ENABLE_MODULES = YES;
				CLANG_ENABLE_OBJC_ARC = YES;
				CLANG_ENABLE_OBJC_WEAK = YES;
				CLANG_WARN_BLOCK_CAPTURE_AUTORELEASING = YES;
				CLANG_WARN_BOOL_CONVERSION = YES;
				CLANG_WARN_COMMA = YES;
				CLANG_WARN_CONSTANT_CONVERSION = YES;
				CLANG_WARN_DEPRECATED_OBJC_IMPLEMENTATIONS = YES;
				CLANG_WARN_DIRECT_OBJC_ISA_USAGE = YES_ERROR;
				CLANG_WARN_DOCUMENTATION_COMMENTS = YES;
				CLANG_WARN_EMPTY_BODY = YES;
				CLANG_WARN_ENUM_CONVERSION = YES;
				CLANG_WARN_INFINITE_RECURSION = YES;
				CLANG_WARN_INT_CONVERSION = YES;
				CLANG_WARN_NON_LITERAL_NULL_CONVERSION = YES;
				CLANG_WARN_OBJC_IMPLICIT_RETAIN_SELF = YES;
				CLANG_WARN_OBJC_LITERAL_CONVERSION = YES;
				CLANG_WARN_OBJC_ROOT_CLASS = YES_ERROR;
				CLANG_WARN_QUOTED_INCLUDE_IN_FRAMEWORK_HEADER = YES;
				CLANG_WARN_RANGE_LOOP_ANALYSIS = YES;
				CLANG_WARN_STRICT_PROTOTYPES = YES;
				CLANG_WARN_SUSPICIOUS_MOVE = YES;
				CLANG_WARN_UNGUARDED_AVAILABILITY = YES_AGGRESSIVE;
				CLANG_WARN_UNREACHABLE_CODE = YES;
				CLANG_WARN__DUPLICATE_METHOD_MATCH = YES;
				COPY_PHASE_STRIP = NO;
				DEBUG_INFORMATION_FORMAT = "dwarf-with-dsym";
				ENABLE_NS_ASSERTIONS = NO;
				ENABLE_STRICT_OBJC_MSGSEND = YES;
				GCC_C_LANGUAGE_STANDARD = gnu11;
				GCC_NO_COMMON_BLOCKS = YES;
				GCC_WARN_64_TO_32_BIT_CONVERSION = YES;
				GCC_WARN_ABOUT_RETURN_TYPE = YES_ERROR;
				GCC_WARN_UNDECLARED_SELECTOR = YES;
				GCC_WARN_UNINITIALIZED_AUTOS = YES_AGGRESSIVE;
				GCC_WARN_UNUSED_FUNCTION = YES;
				GCC_WARN_UNUSED_VARIABLE = YES;
				IPHONEOS_DEPLOYMENT_TARGET = 15.0;
				MTL_ENABLE_DEBUG_INFO = NO;
				MTL_FAST_MATH = YES;
				SDKROOT = iphoneos;
				SWIFT_COMPILATION_MODE = wholemodule;
				SWIFT_OPTIMIZATION_LEVEL = "-O";
				VALIDATE_PRODUCT = YES;
			};
			name = Release;
		};
		7CC929E72736ED9200F8AB56 /* Debug */ = {
			isa = XCBuildConfiguration;
			buildSettings = {
				ASSETCATALOG_COMPILER_APPICON_NAME = AppIcon;
				ASSETCATALOG_COMPILER_GLOBAL_ACCENT_COLOR_NAME = AccentColor;
				CODE_SIGN_STYLE = Automatic;
				CURRENT_PROJECT_VERSION = 1;
				DEVELOPMENT_ASSET_PATHS = "\"IOSBookList/Preview Content\"";
				ENABLE_PREVIEWS = YES;
				GENERATE_INFOPLIST_FILE = YES;
				INFOPLIST_KEY_UIApplicationSceneManifest_Generation = YES;
				INFOPLIST_KEY_UIApplicationSupportsIndirectInputEvents = YES;
				INFOPLIST_KEY_UILaunchScreen_Generation = YES;
				INFOPLIST_KEY_UISupportedInterfaceOrientations_iPad = "UIInterfaceOrientationPortrait UIInterfaceOrientationPortraitUpsideDown UIInterfaceOrientationLandscapeLeft UIInterfaceOrientationLandscapeRight";
				INFOPLIST_KEY_UISupportedInterfaceOrientations_iPhone = "UIInterfaceOrientationPortrait UIInterfaceOrientationLandscapeLeft UIInterfaceOrientationLandscapeRight";
				LD_RUNPATH_SEARCH_PATHS = (
					"$(inherited)",
					"@executable_path/Frameworks",
				);
				MARKETING_VERSION = 1.0;
				PRODUCT_BUNDLE_IDENTIFIER = "jiwon-hae.IOSBookList";
				PRODUCT_NAME = "$(TARGET_NAME)";
				SWIFT_EMIT_LOC_STRINGS = YES;
				SWIFT_VERSION = 5.0;
				TARGETED_DEVICE_FAMILY = "1,2";
			};
			name = Debug;
		};
		7CC929E82736ED9200F8AB56 /* Release */ = {
			isa = XCBuildConfiguration;
			buildSettings = {
				ASSETCATALOG_COMPILER_APPICON_NAME = AppIcon;
				ASSETCATALOG_COMPILER_GLOBAL_ACCENT_COLOR_NAME = AccentColor;
				CODE_SIGN_STYLE = Automatic;
				CURRENT_PROJECT_VERSION = 1;
				DEVELOPMENT_ASSET_PATHS = "\"IOSBookList/Preview Content\"";
				ENABLE_PREVIEWS = YES;
				GENERATE_INFOPLIST_FILE = YES;
				INFOPLIST_KEY_UIApplicationSceneManifest_Generation = YES;
				INFOPLIST_KEY_UIApplicationSupportsIndirectInputEvents = YES;
				INFOPLIST_KEY_UILaunchScreen_Generation = YES;
				INFOPLIST_KEY_UISupportedInterfaceOrientations_iPad = "UIInterfaceOrientationPortrait UIInterfaceOrientationPortraitUpsideDown UIInterfaceOrientationLandscapeLeft UIInterfaceOrientationLandscapeRight";
				INFOPLIST_KEY_UISupportedInterfaceOrientations_iPhone = "UIInterfaceOrientationPortrait UIInterfaceOrientationLandscapeLeft UIInterfaceOrientationLandscapeRight";
				LD_RUNPATH_SEARCH_PATHS = (
					"$(inherited)",
					"@executable_path/Frameworks",
				);
				MARKETING_VERSION = 1.0;
				PRODUCT_BUNDLE_IDENTIFIER = "jiwon-hae.IOSBookList";
				PRODUCT_NAME = "$(TARGET_NAME)";
				SWIFT_EMIT_LOC_STRINGS = YES;
				SWIFT_VERSION = 5.0;
				TARGETED_DEVICE_FAMILY = "1,2";
			};
			name = Release;
		};
		7CC929EA2736ED9200F8AB56 /* Debug */ = {
			isa = XCBuildConfiguration;
			buildSettings = {
				ALWAYS_EMBED_SWIFT_STANDARD_LIBRARIES = YES;
				BUNDLE_LOADER = "$(TEST_HOST)";
				CODE_SIGN_STYLE = Automatic;
				CURRENT_PROJECT_VERSION = 1;
				GENERATE_INFOPLIST_FILE = YES;
				IPHONEOS_DEPLOYMENT_TARGET = 15.0;
				LD_RUNPATH_SEARCH_PATHS = (
					"$(inherited)",
					"@executable_path/Frameworks",
					"@loader_path/Frameworks",
				);
				MARKETING_VERSION = 1.0;
				PRODUCT_BUNDLE_IDENTIFIER = "jiwon-hae.IOSBookListTests";
				PRODUCT_NAME = "$(TARGET_NAME)";
				SWIFT_EMIT_LOC_STRINGS = NO;
				SWIFT_VERSION = 5.0;
				TARGETED_DEVICE_FAMILY = "1,2";
				TEST_HOST = "$(BUILT_PRODUCTS_DIR)/IOSBookList.app/IOSBookList";
			};
			name = Debug;
		};
		7CC929EB2736ED9200F8AB56 /* Release */ = {
			isa = XCBuildConfiguration;
			buildSettings = {
				ALWAYS_EMBED_SWIFT_STANDARD_LIBRARIES = YES;
				BUNDLE_LOADER = "$(TEST_HOST)";
				CODE_SIGN_STYLE = Automatic;
				CURRENT_PROJECT_VERSION = 1;
				GENERATE_INFOPLIST_FILE = YES;
				IPHONEOS_DEPLOYMENT_TARGET = 15.0;
				LD_RUNPATH_SEARCH_PATHS = (
					"$(inherited)",
					"@executable_path/Frameworks",
					"@loader_path/Frameworks",
				);
				MARKETING_VERSION = 1.0;
				PRODUCT_BUNDLE_IDENTIFIER = "jiwon-hae.IOSBookListTests";
				PRODUCT_NAME = "$(TARGET_NAME)";
				SWIFT_EMIT_LOC_STRINGS = NO;
				SWIFT_VERSION = 5.0;
				TARGETED_DEVICE_FAMILY = "1,2";
				TEST_HOST = "$(BUILT_PRODUCTS_DIR)/IOSBookList.app/IOSBookList";
			};
			name = Release;
		};
		7CC929ED2736ED9200F8AB56 /* Debug */ = {
			isa = XCBuildConfiguration;
			buildSettings = {
				ALWAYS_EMBED_SWIFT_STANDARD_LIBRARIES = YES;
				CODE_SIGN_STYLE = Automatic;
				CURRENT_PROJECT_VERSION = 1;
				GENERATE_INFOPLIST_FILE = YES;
				LD_RUNPATH_SEARCH_PATHS = (
					"$(inherited)",
					"@executable_path/Frameworks",
					"@loader_path/Frameworks",
				);
				MARKETING_VERSION = 1.0;
				PRODUCT_BUNDLE_IDENTIFIER = "jiwon-hae.IOSBookListUITests";
				PRODUCT_NAME = "$(TARGET_NAME)";
				SWIFT_EMIT_LOC_STRINGS = NO;
				SWIFT_VERSION = 5.0;
				TARGETED_DEVICE_FAMILY = "1,2";
				TEST_TARGET_NAME = IOSBookList;
			};
			name = Debug;
		};
		7CC929EE2736ED9200F8AB56 /* Release */ = {
			isa = XCBuildConfiguration;
			buildSettings = {
				ALWAYS_EMBED_SWIFT_STANDARD_LIBRARIES = YES;
				CODE_SIGN_STYLE = Automatic;
				CURRENT_PROJECT_VERSION = 1;
				GENERATE_INFOPLIST_FILE = YES;
				LD_RUNPATH_SEARCH_PATHS = (
					"$(inherited)",
					"@executable_path/Frameworks",
					"@loader_path/Frameworks",
				);
				MARKETING_VERSION = 1.0;
				PRODUCT_BUNDLE_IDENTIFIER = "jiwon-hae.IOSBookListUITests";
				PRODUCT_NAME = "$(TARGET_NAME)";
				SWIFT_EMIT_LOC_STRINGS = NO;
				SWIFT_VERSION = 5.0;
				TARGETED_DEVICE_FAMILY = "1,2";
				TEST_TARGET_NAME = IOSBookList;
			};
			name = Release;
		};
/* End XCBuildConfiguration section */

/* Begin XCConfigurationList section */
		7CC929BD2736ED9000F8AB56 /* Build configuration list for PBXProject "IOSBookList" */ = {
			isa = XCConfigurationList;
			buildConfigurations = (
				7CC929E42736ED9200F8AB56 /* Debug */,
				7CC929E52736ED9200F8AB56 /* Release */,
			);
			defaultConfigurationIsVisible = 0;
			defaultConfigurationName = Release;
		};
		7CC929E62736ED9200F8AB56 /* Build configuration list for PBXNativeTarget "IOSBookList" */ = {
			isa = XCConfigurationList;
			buildConfigurations = (
				7CC929E72736ED9200F8AB56 /* Debug */,
				7CC929E82736ED9200F8AB56 /* Release */,
			);
			defaultConfigurationIsVisible = 0;
			defaultConfigurationName = Release;
		};
		7CC929E92736ED9200F8AB56 /* Build configuration list for PBXNativeTarget "IOSBookListTests" */ = {
			isa = XCConfigurationList;
			buildConfigurations = (
				7CC929EA2736ED9200F8AB56 /* Debug */,
				7CC929EB2736ED9200F8AB56 /* Release */,
			);
			defaultConfigurationIsVisible = 0;
			defaultConfigurationName = Release;
		};
		7CC929EC2736ED9200F8AB56 /* Build configuration list for PBXNativeTarget "IOSBookListUITests" */ = {
			isa = XCConfigurationList;
			buildConfigurations = (
				7CC929ED2736ED9200F8AB56 /* Debug */,
				7CC929EE2736ED9200F8AB56 /* Release */,
			);
			defaultConfigurationIsVisible = 0;
			defaultConfigurationName = Release;
		};
/* End XCConfigurationList section */
	};
	rootObject = 7CC929BA2736ED9000F8AB56 /* Project object */;
}
